
Microsoft Visual Studio Solution File, Format Version 12.00
# Visual Studio Version 17
VisualStudioVersion = 17.12.35514.174 d17.12
MinimumVisualStudioVersion = 10.0.40219.1
Project("{FAE04EC0-301F-11D3-BF4B-00C04F79EFBC}") = "Company.PL", "Company\Company.PL.csproj", "{7AE2D1F8-ECCB-4827-8505-990BE3E12988}"
EndProject
Project("{FAE04EC0-301F-11D3-BF4B-00C04F79EFBC}") = "Company.BLL", "Company.BLL\Company.BLL.csproj", "{1D8EBF67-E195-4180-9293-3081A7348BCA}"
EndProject
Project("{FAE04EC0-301F-11D3-BF4B-00C04F79EFBC}") = "Company.DAL", "Company.DAL\Company.DAL.csproj", "{1EBDF0C2-4862-48CB-8A3A-689B0670145D}"
EndProject
Global
	GlobalSection(SolutionConfigurationPlatforms) = preSolution
		Debug|Any CPU = Debug|Any CPU
		Release|Any CPU = Release|Any CPU
	EndGlobalSection
	GlobalSection(ProjectConfigurationPlatforms) = postSolution
		{7AE2D1F8-ECCB-4827-8505-990BE3E12988}.Debug|Any CPU.ActiveCfg = Debug|Any CPU
		{7AE2D1F8-ECCB-4827-8505-990BE3E12988}.Debug|Any CPU.Build.0 = Debug|Any CPU
		{7AE2D1F8-ECCB-4827-8505-990BE3E12988}.Release|Any CPU.ActiveCfg = Release|Any CPU
		{7AE2D1F8-ECCB-4827-8505-990BE3E12988}.Release|Any CPU.Build.0 = Release|Any CPU
		{1D8EBF67-E195-4180-9293-3081A7348BCA}.Debug|Any CPU.ActiveCfg = Debug|Any CPU
		{1D8EBF67-E195-4180-9293-3081A7348BCA}.Debug|Any CPU.Build.0 = Debug|Any CPU
		{1D8EBF67-E195-4180-9293-3081A7348BCA}.Release|Any CPU.ActiveCfg = Release|Any CPU
		{1D8EBF67-E195-4180-9293-3081A7348BCA}.Release|Any CPU.Build.0 = Release|Any CPU
		{1EBDF0C2-4862-48CB-8A3A-689B0670145D}.Debug|Any CPU.ActiveCfg = Debug|Any CPU
		{1EBDF0C2-4862-48CB-8A3A-689B0670145D}.Debug|Any CPU.Build.0 = Debug|Any CPU
		{1EBDF0C2-4862-48CB-8A3A-689B0670145D}.Release|Any CPU.ActiveCfg = Release|Any CPU
		{1EBDF0C2-4862-48CB-8A3A-689B0670145D}.Release|Any CPU.Build.0 = Release|Any CPU
	EndGlobalSection
	GlobalSection(SolutionProperties) = preSolution
		HideSolutionNode = FALSE
	EndGlobalSection
EndGlobal
